// !$*UTF8*$!
{
	archiveVersion = 1;
	classes = {
	};
	objectVersion = 46;
	objects = {

/* Begin PBXBuildFile section */
		214969DD1B928EDF006EFB3C /* AppDelegate.swift in Sources */ = {isa = PBXBuildFile; fileRef = 214969DC1B928EDF006EFB3C /* AppDelegate.swift */; };
		214969E21B928EDF006EFB3C /* Main.storyboard in Resources */ = {isa = PBXBuildFile; fileRef = 214969E01B928EDF006EFB3C /* Main.storyboard */; };
		214969E41B928EDF006EFB3C /* Images.xcassets in Resources */ = {isa = PBXBuildFile; fileRef = 214969E31B928EDF006EFB3C /* Images.xcassets */; };
		214969E71B928EDF006EFB3C /* LaunchScreen.xib in Resources */ = {isa = PBXBuildFile; fileRef = 214969E51B928EDF006EFB3C /* LaunchScreen.xib */; };
		214969F31B928EDF006EFB3C /* iAdSampleTests.swift in Sources */ = {isa = PBXBuildFile; fileRef = 214969F21B928EDF006EFB3C /* iAdSampleTests.swift */; };
		214969FD1B928F3F006EFB3C /* iAd.framework in Frameworks */ = {isa = PBXBuildFile; fileRef = 214969FC1B928F3F006EFB3C /* iAd.framework */; };
		214969FF1B929761006EFB3C /* TableViewController.swift in Sources */ = {isa = PBXBuildFile; fileRef = 214969FE1B929761006EFB3C /* TableViewController.swift */; };
/* End PBXBuildFile section */

/* Begin PBXContainerItemProxy section */
		214969ED1B928EDF006EFB3C /* PBXContainerItemProxy */ = {
			isa = PBXContainerItemProxy;
			containerPortal = 214969CF1B928EDF006EFB3C /* Project object */;
			proxyType = 1;
			remoteGlobalIDString = 214969D61B928EDF006EFB3C;
			remoteInfo = iAdSample;
		};
/* End PBXContainerItemProxy section */

/* Begin PBXFileReference section */
		214969D71B928EDF006EFB3C /* iAdSample.app */ = {isa = PBXFileReference; explicitFileType = wrapper.application; includeInIndex = 0; path = iAdSample.app; sourceTree = BUILT_PRODUCTS_DIR; };
		214969DB1B928EDF006EFB3C /* Info.plist */ = {isa = PBXFileReference; lastKnownFileType = text.plist.xml; path = Info.plist; sourceTree = "<group>"; };
		214969DC1B928EDF006EFB3C /* AppDelegate.swift */ = {isa = PBXFileReference; lastKnownFileType = sourcecode.swift; path = AppDelegate.swift; sourceTree = "<group>"; };
		214969E11B928EDF006EFB3C /* Base */ = {isa = PBXFileReference; lastKnownFileType = file.storyboard; name = Base; path = Base.lproj/Main.storyboard; sourceTree = "<group>"; };
		214969E31B928EDF006EFB3C /* Images.xcassets */ = {isa = PBXFileReference; lastKnownFileType = folder.assetcatalog; path = Images.xcassets; sourceTree = "<group>"; };
		214969E61B928EDF006EFB3C /* Base */ = {isa = PBXFileReference; lastKnownFileType = file.xib; name = Base; path = Base.lproj/LaunchScreen.xib; sourceTree = "<group>"; };
		214969EC1B928EDF006EFB3C /* iAdSampleTests.xctest */ = {isa = PBXFileReference; explicitFileType = wrapper.cfbundle; includeInIndex = 0; path = iAdSampleTests.xctest; sourceTree = BUILT_PRODUCTS_DIR; };
		214969F11B928EDF006EFB3C /* Info.plist */ = {isa = PBXFileReference; lastKnownFileType = text.plist.xml; path = Info.plist; sourceTree = "<group>"; };
		214969F21B928EDF006EFB3C /* iAdSampleTests.swift */ = {isa = PBXFileReference; lastKnownFileType = sourcecode.swift; path = iAdSampleTests.swift; sourceTree = "<group>"; };
		214969FC1B928F3F006EFB3C /* iAd.framework */ = {isa = PBXFileReference; lastKnownFileType = wrapper.framework; name = iAd.framework; path = System/Library/Frameworks/iAd.framework; sourceTree = SDKROOT; };
		214969FE1B929761006EFB3C /* TableViewController.swift */ = {isa = PBXFileReference; fileEncoding = 4; lastKnownFileType = sourcecode.swift; path = TableViewController.swift; sourceTree = "<group>"; };
/* End PBXFileReference section */

/* Begin PBXFrameworksBuildPhase section */
		214969D41B928EDF006EFB3C /* Frameworks */ = {
			isa = PBXFrameworksBuildPhase;
			buildActionMask = 2147483647;
			files = (
				214969FD1B928F3F006EFB3C /* iAd.framework in Frameworks */,
			);
			runOnlyForDeploymentPostprocessing = 0;
		};
		214969E91B928EDF006EFB3C /* Frameworks */ = {
			isa = PBXFrameworksBuildPhase;
			buildActionMask = 2147483647;
			files = (
			);
			runOnlyForDeploymentPostprocessing = 0;
		};
/* End PBXFrameworksBuildPhase section */

/* Begin PBXGroup section */
		214969CE1B928EDF006EFB3C = {
			isa = PBXGroup;
			children = (
				214969FC1B928F3F006EFB3C /* iAd.framework */,
				214969D91B928EDF006EFB3C /* iAdSample */,
				214969EF1B928EDF006EFB3C /* iAdSampleTests */,
				214969D81B928EDF006EFB3C /* Products */,
			);
			sourceTree = "<group>";
		};
		214969D81B928EDF006EFB3C /* Products */ = {
			isa = PBXGroup;
			children = (
				214969D71B928EDF006EFB3C /* iAdSample.app */,
				214969EC1B928EDF006EFB3C /* iAdSampleTests.xctest */,
			);
			name = Products;
			sourceTree = "<group>";
		};
		214969D91B928EDF006EFB3C /* iAdSample */ = {
			isa = PBXGroup;
			children = (
				214969DC1B928EDF006EFB3C /* AppDelegate.swift */,
				214969FE1B929761006EFB3C /* TableViewController.swift */,
				214969E01B928EDF006EFB3C /* Main.storyboard */,
				214969E31B928EDF006EFB3C /* Images.xcassets */,
				214969E51B928EDF006EFB3C /* LaunchScreen.xib */,
				214969DA1B928EDF006EFB3C /* Supporting Files */,
			);
			path = iAdSample;
			sourceTree = "<group>";
		};
		214969DA1B928EDF006EFB3C /* Supporting Files */ = {
			isa = PBXGroup;
			children = (
				214969DB1B928EDF006EFB3C /* Info.plist */,
			);
			name = "Supporting Files";
			sourceTree = "<group>";
		};
		214969EF1B928EDF006EFB3C /* iAdSampleTests */ = {
			isa = PBXGroup;
			children = (
				214969F21B928EDF006EFB3C /* iAdSampleTests.swift */,
				214969F01B928EDF006EFB3C /* Supporting Files */,
			);
			path = iAdSampleTests;
			sourceTree = "<group>";
		};
		214969F01B928EDF006EFB3C /* Supporting Files */ = {
			isa = PBXGroup;
			children = (
				214969F11B928EDF006EFB3C /* Info.plist */,
			);
			name = "Supporting Files";
			sourceTree = "<group>";
		};
/* End PBXGroup section */

/* Begin PBXNativeTarget section */
		214969D61B928EDF006EFB3C /* iAdSample */ = {
			isa = PBXNativeTarget;
			buildConfigurationList = 214969F61B928EDF006EFB3C /* Build configuration list for PBXNativeTarget "iAdSample" */;
			buildPhases = (
				214969D31B928EDF006EFB3C /* Sources */,
				214969D41B928EDF006EFB3C /* Frameworks */,
				214969D51B928EDF006EFB3C /* Resources */,
			);
			buildRules = (
			);
			dependencies = (
			);
			name = iAdSample;
			productName = iAdSample;
			productReference = 214969D71B928EDF006EFB3C /* iAdSample.app */;
			productType = "com.apple.product-type.application";
		};
		214969EB1B928EDF006EFB3C /* iAdSampleTests */ = {
			isa = PBXNativeTarget;
			buildConfigurationList = 214969F91B928EDF006EFB3C /* Build configuration list for PBXNativeTarget "iAdSampleTests" */;
			buildPhases = (
				214969E81B928EDF006EFB3C /* Sources */,
				214969E91B928EDF006EFB3C /* Frameworks */,
				214969EA1B928EDF006EFB3C /* Resources */,
			);
			buildRules = (
			);
			dependencies = (
				214969EE1B928EDF006EFB3C /* PBXTargetDependency */,
			);
			name = iAdSampleTests;
			productName = iAdSampleTests;
			productReference = 214969EC1B928EDF006EFB3C /* iAdSampleTests.xctest */;
			productType = "com.apple.product-type.bundle.unit-test";
		};
/* End PBXNativeTarget section */

/* Begin PBXProject section */
		214969CF1B928EDF006EFB3C /* Project object */ = {
			isa = PBXProject;
			attributes = {
				LastSwiftMigration = 0710;
				LastSwiftUpdateCheck = 0710;
				LastUpgradeCheck = 0640;
				ORGANIZATIONNAME = "Kosuke Ogawa";
				TargetAttributes = {
					214969D61B928EDF006EFB3C = {
						CreatedOnToolsVersion = 6.4;
					};
					214969EB1B928EDF006EFB3C = {
						CreatedOnToolsVersion = 6.4;
						TestTargetID = 214969D61B928EDF006EFB3C;
					};
				};
			};
			buildConfigurationList = 214969D21B928EDF006EFB3C /* Build configuration list for PBXProject "iAdSample" */;
			compatibilityVersion = "Xcode 3.2";
			developmentRegion = English;
			hasScannedForEncodings = 0;
			knownRegions = (
				en,
				Base,
			);
			mainGroup = 214969CE1B928EDF006EFB3C;
			productRefGroup = 214969D81B928EDF006EFB3C /* Products */;
			projectDirPath = "";
			projectRoot = "";
			targets = (
				214969D61B928EDF006EFB3C /* iAdSample */,
				214969EB1B928EDF006EFB3C /* iAdSampleTests */,
			);
		};
/* End PBXProject section */

/* Begin PBXResourcesBuildPhase section */
		214969D51B928EDF006EFB3C /* Resources */ = {
			isa = PBXResourcesBuildPhase;
			buildActionMask = 2147483647;
			files = (
				214969E21B928EDF006EFB3C /* Main.storyboard in Resources */,
				214969E71B928EDF006EFB3C /* LaunchScreen.xib in Resources */,
				214969E41B928EDF006EFB3C /* Images.xcassets in Resources */,
			);
			runOnlyForDeploymentPostprocessing = 0;
		};
		214969EA1B928EDF006EFB3C /* Resources */ = {
			isa = PBXResourcesBuildPhase;
			buildActionMask = 2147483647;
			files = (
			);
			runOnlyForDeploymentPostprocessing = 0;
		};
/* End PBXResourcesBuildPhase section */

/* Begin PBXSourcesBuildPhase section */
		214969D31B928EDF006EFB3C /* Sources */ = {
			isa = PBXSourcesBuildPhase;
			buildActionMask = 2147483647;
			files = (
				214969FF1B929761006EFB3C /* TableViewController.swift in Sources */,
				214969DD1B928EDF006EFB3C /* AppDelegate.swift in Sources */,
			);
			runOnlyForDeploymentPostprocessing = 0;
		};
		214969E81B928EDF006EFB3C /* Sources */ = {
			isa = PBXSourcesBuildPhase;
			buildActionMask = 2147483647;
			files = (
				214969F31B928EDF006EFB3C /* iAdSampleTests.swift in Sources */,
			);
			runOnlyForDeploymentPostprocessing = 0;
		};
/* End PBXSourcesBuildPhase section */

/* Begin PBXTargetDependency section */
		214969EE1B928EDF006EFB3C /* PBXTargetDependency */ = {
			isa = PBXTargetDependency;
			target = 214969D61B928EDF006EFB3C /* iAdSample */;
			targetProxy = 214969ED1B928EDF006EFB3C /* PBXContainerItemProxy */;
		};
/* End PBXTargetDependency section */

/* Begin PBXVariantGroup section */
		214969E01B928EDF006EFB3C /* Main.storyboard */ = {
			isa = PBXVariantGroup;
			children = (
				214969E11B928EDF006EFB3C /* Base */,
			);
			name = Main.storyboard;
			sourceTree = "<group>";
		};
		214969E51B928EDF006EFB3C /* LaunchScreen.xib */ = {
			isa = PBXVariantGroup;
			children = (
				214969E61B928EDF006EFB3C /* Base */,
			);
			name = LaunchScreen.xib;
			sourceTree = "<group>";
		};
/* End PBXVariantGroup section */

/* Begin XCBuildConfiguration section */
		214969F41B928EDF006EFB3C /* Debug */ = {
			isa = XCBuildConfiguration;
			buildSettings = {
				ALWAYS_SEARCH_USER_PATHS = NO;
				CLANG_CXX_LANGUAGE_STANDARD = "gnu++0x";
				CLANG_CXX_LIBRARY = "libc++";
				CLANG_ENABLE_MODULES = YES;
				CLANG_ENABLE_OBJC_ARC = YES;
				CLANG_WARN_BOOL_CONVERSION = YES;
				CLANG_WARN_CONSTANT_CONVERSION = YES;
				CLANG_WARN_DIRECT_OBJC_ISA_USAGE = YES_ERROR;
				CLANG_WARN_EMPTY_BODY = YES;
				CLANG_WARN_ENUM_CONVERSION = YES;
				CLANG_WARN_INT_CONVERSION = YES;
				CLANG_WARN_OBJC_ROOT_CLASS = YES_ERROR;
				CLANG_WARN_UNREACHABLE_CODE = YES;
				CLANG_WARN__DUPLICATE_METHOD_MATCH = YES;
				"CODE_SIGN_IDENTITY[sdk=iphoneos*]" = "iPhone Developer";
				COPY_PHASE_STRIP = NO;
				DEBUG_INFORMATION_FORMAT = "dwarf-with-dsym";
				ENABLE_STRICT_OBJC_MSGSEND = YES;
				GCC_C_LANGUAGE_STANDARD = gnu99;
				GCC_DYNAMIC_NO_PIC = NO;
				GCC_NO_COMMON_BLOCKS = YES;
				GCC_OPTIMIZATION_LEVEL = 0;
				GCC_PREPROCESSOR_DEFINITIONS = (
					"DEBUG=1",
					"$(inherited)",
				);
				GCC_SYMBOLS_PRIVATE_EXTERN = NO;
				GCC_WARN_64_TO_32_BIT_CONVERSION = YES;
				GCC_WARN_ABOUT_RETURN_TYPE = YES_ERROR;
				GCC_WARN_UNDECLARED_SELECTOR = YES;
				GCC_WARN_UNINITIALIZED_AUTOS = YES_AGGRESSIVE;
				GCC_WARN_UNUSED_FUNCTION = YES;
				GCC_WARN_UNUSED_VARIABLE = YES;
				IPHONEOS_DEPLOYMENT_TARGET = 8.4;
				MTL_ENABLE_DEBUG_INFO = YES;
				ONLY_ACTIVE_ARCH = YES;
				SDKROOT = iphoneos;
				SWIFT_OPTIMIZATION_LEVEL = "-Onone";
			};
			name = Debug;
		};
		214969F51B928EDF006EFB3C /* Release */ = {
			isa = XCBuildConfiguration;
			buildSettings = {
				ALWAYS_SEARCH_USER_PATHS = NO;
				CLANG_CXX_LANGUAGE_STANDARD = "gnu++0x";
				CLANG_CXX_LIBRARY = "libc++";
				CLANG_ENABLE_MODULES = YES;
				CLANG_ENABLE_OBJC_ARC = YES;
				CLANG_WARN_BOOL_CONVERSION = YES;
				CLANG_WARN_CONSTANT_CONVERSION = YES;
				CLANG_WARN_DIRECT_OBJC_ISA_USAGE = YES_ERROR;
				CLANG_WARN_EMPTY_BODY = YES;
				CLANG_WARN_ENUM_CONVERSION = YES;
				CLANG_WARN_INT_CONVERSION = YES;
				CLANG_WARN_OBJC_ROOT_CLASS = YES_ERROR;
				CLANG_WARN_UNREACHABLE_CODE = YES;
				CLANG_WARN__DUPLICATE_METHOD_MATCH = YES;
				"CODE_SIGN_IDENTITY[sdk=iphoneos*]" = "iPhone Developer";
				COPY_PHASE_STRIP = NO;
				DEBUG_INFORMATION_FORMAT = "dwarf-with-dsym";
				ENABLE_NS_ASSERTIONS = NO;
				ENABLE_STRICT_OBJC_MSGSEND = YES;
				GCC_C_LANGUAGE_STANDARD = gnu99;
				GCC_NO_COMMON_BLOCKS = YES;
				GCC_WARN_64_TO_32_BIT_CONVERSION = YES;
				GCC_WARN_ABOUT_RETURN_TYPE = YES_ERROR;
				GCC_WARN_UNDECLARED_SELECTOR = YES;
				GCC_WARN_UNINITIALIZED_AUTOS = YES_AGGRESSIVE;
				GCC_WARN_UNUSED_FUNCTION = YES;
				GCC_WARN_UNUSED_VARIABLE = YES;
				IPHONEOS_DEPLOYMENT_TARGET = 8.4;
				MTL_ENABLE_DEBUG_INFO = NO;
				SDKROOT = iphoneos;
				VALIDATE_PRODUCT = YES;
			};
			name = Release;
		};
		214969F71B928EDF006EFB3C /* Debug */ = {
			isa = XCBuildConfiguration;
			buildSettings = {
				ASSETCATALOG_COMPILER_APPICON_NAME = AppIcon;
				INFOPLIST_FILE = iAdSample/Info.plist;
				LD_RUNPATH_SEARCH_PATHS = "$(inherited) @executable_path/Frameworks";
				PRODUCT_NAME = "$(TARGET_NAME)";
			};
			name = Debug;
		};
		214969F81B928EDF006EFB3C /* Release */ = {
			isa = XCBuildConfiguration;
			buildSettings = {
				ASSETCATALOG_COMPILER_APPICON_NAME = AppIcon;
				INFOPLIST_FILE = iAdSample/Info.plist;
				LD_RUNPATH_SEARCH_PATHS = "$(inherited) @executable_path/Frameworks";
				PRODUCT_NAME = "$(TARGET_NAME)";
			};
			name = Release;
		};
		214969FA1B928EDF006EFB3C /* Debug */ = {
			isa = XCBuildConfiguration;
			buildSettings = {
				BUNDLE_LOADER = "$(TEST_HOST)";
				FRAMEWORK_SEARCH_PATHS = (
					"$(SDKROOT)/Developer/Library/Frameworks",
					"$(inherited)",
				);
				GCC_PREPROCESSOR_DEFINITIONS = (
					"DEBUG=1",
					"$(inherited)",
				);
				INFOPLIST_FILE = iAdSampleTests/Info.plist;
				LD_RUNPATH_SEARCH_PATHS = "$(inherited) @executable_path/Frameworks @loader_path/Frameworks";
				PRODUCT_NAME = "$(TARGET_NAME)";
				TEST_HOST = "$(BUILT_PRODUCTS_DIR)/iAdSample.app/iAdSample";
			};
			name = Debug;
		};
		214969FB1B928EDF006EFB3C /* Release */ = {
			isa = XCBuildConfiguration;
			buildSettings = {
				BUNDLE_LOADER = "$(TEST_HOST)";
				FRAMEWORK_SEARCH_PATHS = (
					"$(SDKROOT)/Developer/Library/Frameworks",
					"$(inherited)",
				);
				INFOPLIST_FILE = iAdSampleTests/Info.plist;
				LD_RUNPATH_SEARCH_PATHS = "$(inherited) @executable_path/Frameworks @loader_path/Frameworks";
				PRODUCT_NAME = "$(TARGET_NAME)";
				TEST_HOST = "$(BUILT_PRODUCTS_DIR)/iAdSample.app/iAdSample";
			};
			name = Release;
		};
/* End XCBuildConfiguration section */

/* Begin XCConfigurationList section */
		214969D21B928EDF006EFB3C /* Build configuration list for PBXProject "iAdSample" */ = {
			isa = XCConfigurationList;
			buildConfigurations = (
				214969F41B928EDF006EFB3C /* Debug */,
				214969F51B928EDF006EFB3C /* Release */,
			);
			defaultConfigurationIsVisible = 0;
			defaultConfigurationName = Release;
		};
		214969F61B928EDF006EFB3C /* Build configuration list for PBXNativeTarget "iAdSample" */ = {
			isa = XCConfigurationList;
			buildConfigurations = (
				214969F71B928EDF006EFB3C /* Debug */,
				214969F81B928EDF006EFB3C /* Release */,
			);
			defaultConfigurationIsVisible = 0;
			defaultConfigurationName = Release;
		};
		214969F91B928EDF006EFB3C /* Build configuration list for PBXNativeTarget "iAdSampleTests" */ = {
			isa = XCConfigurationList;
			buildConfigurations = (
				214969FA1B928EDF006EFB3C /* Debug */,
				214969FB1B928EDF006EFB3C /* Release */,
			);
			defaultConfigurationIsVisible = 0;
			defaultConfigurationName = Release;
		};
/* End XCConfigurationList section */
	};
	rootObject = 214969CF1B928EDF006EFB3C /* Project object */;
}
